{
  "pins" : [
    {
      "identity" : "swiftrichstring",
      "kind" : "remoteSourceControl",
      "location" : "https://github.com/malcommac/SwiftRichString.git",
      "state" : {
        "revision" : "9bf4b5af6bb4386865636fc504d6c588c2b65040",
        "version" : "3.7.2"
      }
    }
  ],
  "version" : 2
}
